PODS:
  - CocoaAsyncSocket (7.6.5)
  - device_info_plus (0.0.1):
    - Flutter
  - Flutter (1.0.0)
  - flutter_keyboard_visibility (0.0.1):
    - Flutter
  - patrol (0.0.1):
    - CocoaAsyncSocket (~> 7.6)
    - Flutter
    - FlutterMacOS

DEPENDENCIES:
  - device_info_plus (from `.symlinks/plugins/device_info_plus/ios`)
  - Flutter (from `Flutter`)
  - flutter_keyboard_visibility (from `.symlinks/plugins/flutter_keyboard_visibility/ios`)
  - patrol (from `.symlinks/plugins/patrol/darwin`)

SPEC REPOS:
  trunk:
    - CocoaAsyncSocket

EXTERNAL SOURCES:
  device_info_plus:
    :path: ".symlinks/plugins/device_info_plus/ios"
  Flutter:
    :path: Flutter
  flutter_keyboard_visibility:
    :path: ".symlinks/plugins/flutter_keyboard_visibility/ios"
  patrol:
    :path: ".symlinks/plugins/patrol/darwin"

SPEC CHECKSUMS:
  CocoaAsyncSocket: 065fd1e645c7abab64f7a6a2007a48038fdc6a99
  device_info_plus: c6fb39579d0f423935b0c9ce7ee2f44b71b9fce6
  Flutter: f04841e97a9d0b0a8025694d0796dd46242b2854
  flutter_keyboard_visibility: 0339d06371254c3eb25eeb90ba8d17dca8f9c069
  patrol: 3e21d514020dbee24b3e3383caac9e8e051292ac

PODFILE CHECKSUM: c06bbe494565b5f0cfb799af75dc36785e60532a

COCOAPODS: 1.14.3
